
Microsoft Visual Studio Solution File, Format Version 12.00
# Visual Studio Version 17
VisualStudioVersion = 17.2.32505.173
MinimumVisualStudioVersion = 10.0.40219.1
Project("{FAE04EC0-301F-11D3-BF4B-00C04F79EFBC}") = "Chat_BlazorServer", "Chat_BlazorServer\Chat_BlazorServer.csproj", "{686C3890-11E8-4FA0-81C1-561D4EB1D027}"
EndProject
Project("{FAE04EC0-301F-11D3-BF4B-00C04F79EFBC}") = "Chat_BlazorServer.DataAccess", "Chat_BlazorServer.DataAccess\Chat_BlazorServer.DataAccess.csproj", "{A1774E81-F6A8-4ABF-8E15-F5AFF0B84614}"
EndProject
Project("{FAE04EC0-301F-11D3-BF4B-00C04F79EFBC}") = "Chat_BlazorServer.Domain", "Chat_BlazorServer.Domain\Chat_BlazorServer.Domain.csproj", "{20FDFA79-2874-46A3-AB7D-196452CB7C50}"
EndProject
Project("{FAE04EC0-301F-11D3-BF4B-00C04F79EFBC}") = "Chat_BlazorServer.Data", "Chat_BlazorServer.Data\Chat_BlazorServer.Data.csproj", "{16C87C1D-01F8-4548-A976-02361C19515B}"
EndProject
Project("{FAE04EC0-301F-11D3-BF4B-00C04F79EFBC}") = "Chat_BlazorServer.Pages", "Chat_BlazorServer.Pages\Chat_BlazorServer.Pages.csproj", "{390015A8-65C0-4021-8154-E569E76443EE}"
EndProject
Global
	GlobalSection(SolutionConfigurationPlatforms) = preSolution
		Debug|Any CPU = Debug|Any CPU
		Release|Any CPU = Release|Any CPU
	EndGlobalSection
	GlobalSection(ProjectConfigurationPlatforms) = postSolution
		{686C3890-11E8-4FA0-81C1-561D4EB1D027}.Debug|Any CPU.ActiveCfg = Debug|Any CPU
		{686C3890-11E8-4FA0-81C1-561D4EB1D027}.Debug|Any CPU.Build.0 = Debug|Any CPU
		{686C3890-11E8-4FA0-81C1-561D4EB1D027}.Release|Any CPU.ActiveCfg = Release|Any CPU
		{686C3890-11E8-4FA0-81C1-561D4EB1D027}.Release|Any CPU.Build.0 = Release|Any CPU
		{A1774E81-F6A8-4ABF-8E15-F5AFF0B84614}.Debug|Any CPU.ActiveCfg = Debug|Any CPU
		{A1774E81-F6A8-4ABF-8E15-F5AFF0B84614}.Debug|Any CPU.Build.0 = Debug|Any CPU
		{A1774E81-F6A8-4ABF-8E15-F5AFF0B84614}.Release|Any CPU.ActiveCfg = Release|Any CPU
		{A1774E81-F6A8-4ABF-8E15-F5AFF0B84614}.Release|Any CPU.Build.0 = Release|Any CPU
		{20FDFA79-2874-46A3-AB7D-196452CB7C50}.Debug|Any CPU.ActiveCfg = Debug|Any CPU
		{20FDFA79-2874-46A3-AB7D-196452CB7C50}.Debug|Any CPU.Build.0 = Debug|Any CPU
		{20FDFA79-2874-46A3-AB7D-196452CB7C50}.Release|Any CPU.ActiveCfg = Release|Any CPU
		{20FDFA79-2874-46A3-AB7D-196452CB7C50}.Release|Any CPU.Build.0 = Release|Any CPU
		{16C87C1D-01F8-4548-A976-02361C19515B}.Debug|Any CPU.ActiveCfg = Debug|Any CPU
		{16C87C1D-01F8-4548-A976-02361C19515B}.Debug|Any CPU.Build.0 = Debug|Any CPU
		{16C87C1D-01F8-4548-A976-02361C19515B}.Release|Any CPU.ActiveCfg = Release|Any CPU
		{16C87C1D-01F8-4548-A976-02361C19515B}.Release|Any CPU.Build.0 = Release|Any CPU
		{390015A8-65C0-4021-8154-E569E76443EE}.Debug|Any CPU.ActiveCfg = Debug|Any CPU
		{390015A8-65C0-4021-8154-E569E76443EE}.Debug|Any CPU.Build.0 = Debug|Any CPU
		{390015A8-65C0-4021-8154-E569E76443EE}.Release|Any CPU.ActiveCfg = Release|Any CPU
		{390015A8-65C0-4021-8154-E569E76443EE}.Release|Any CPU.Build.0 = Release|Any CPU
	EndGlobalSection
	GlobalSection(SolutionProperties) = preSolution
		HideSolutionNode = FALSE
	EndGlobalSection
	GlobalSection(ExtensibilityGlobals) = postSolution
		SolutionGuid = {3D43432B-7649-4CC6-9F5D-069EFB7BF2A1}
	EndGlobalSection
EndGlobal
